
Microsoft Visual Studio Solution File, Format Version 12.00
# Visual Studio 14
VisualStudioVersion = 14.0.25420.1
MinimumVisualStudioVersion = 10.0.40219.1
Project("{FAE04EC0-301F-11D3-BF4B-00C04F79EFBC}") = "LiveSplit.FFX", "LiveSplit.FFX.csproj", "{F2676F58-2E3A-4421-98E5-9392E1AFA886}"
EndProject
Project("{FAE04EC0-301F-11D3-BF4B-00C04F79EFBC}") = "LiveSplit.FFX.UI", "LiveSplit.FFX.UI\LiveSplit.FFX.UI.csproj", "{CFC9D0A4-46FC-434A-AF27-86B6A891A4A1}"
EndProject
Global
	GlobalSection(SolutionConfigurationPlatforms) = preSolution
		Debug|Any CPU = Debug|Any CPU
		Release|Any CPU = Release|Any CPU
	EndGlobalSection
	GlobalSection(ProjectConfigurationPlatforms) = postSolution
		{F2676F58-2E3A-4421-98E5-9392E1AFA886}.Debug|Any CPU.ActiveCfg = Debug|Any CPU
		{F2676F58-2E3A-4421-98E5-9392E1AFA886}.Debug|Any CPU.Build.0 = Debug|Any CPU
		{F2676F58-2E3A-4421-98E5-9392E1AFA886}.Release|Any CPU.ActiveCfg = Release|Any CPU
		{F2676F58-2E3A-4421-98E5-9392E1AFA886}.Release|Any CPU.Build.0 = Release|Any CPU
		{CFC9D0A4-46FC-434A-AF27-86B6A891A4A1}.Debug|Any CPU.ActiveCfg = Debug|Any CPU
		{CFC9D0A4-46FC-434A-AF27-86B6A891A4A1}.Debug|Any CPU.Build.0 = Debug|Any CPU
		{CFC9D0A4-46FC-434A-AF27-86B6A891A4A1}.Release|Any CPU.ActiveCfg = Release|Any CPU
		{CFC9D0A4-46FC-434A-AF27-86B6A891A4A1}.Release|Any CPU.Build.0 = Release|Any CPU
	EndGlobalSection
	GlobalSection(SolutionProperties) = preSolution
		HideSolutionNode = FALSE
	EndGlobalSection
EndGlobal
